
Microsoft Visual Studio Solution File, Format Version 12.00
# Visual Studio Version 16
VisualStudioVersion = 16.0.29911.84
MinimumVisualStudioVersion = 10.0.40219.1
Project("{FAE04EC0-301F-11D3-BF4B-00C04F79EFBC}") = "2111885_lab1_Bai2", "2111885_lab1_Bai2\2111885_lab1_Bai2.csproj", "{D9A00639-2644-4627-8EA5-FC1600A6606B}"
EndProject
Global
	GlobalSection(SolutionConfigurationPlatforms) = preSolution
		Debug|Any CPU = Debug|Any CPU
		Release|Any CPU = Release|Any CPU
	EndGlobalSection
	GlobalSection(ProjectConfigurationPlatforms) = postSolution
		{D9A00639-2644-4627-8EA5-FC1600A6606B}.Debug|Any CPU.ActiveCfg = Debug|Any CPU
		{D9A00639-2644-4627-8EA5-FC1600A6606B}.Debug|Any CPU.Build.0 = Debug|Any CPU
		{D9A00639-2644-4627-8EA5-FC1600A6606B}.Release|Any CPU.ActiveCfg = Release|Any CPU
		{D9A00639-2644-4627-8EA5-FC1600A6606B}.Release|Any CPU.Build.0 = Release|Any CPU
	EndGlobalSection
	GlobalSection(SolutionProperties) = preSolution
		HideSolutionNode = FALSE
	EndGlobalSection
	GlobalSection(ExtensibilityGlobals) = postSolution
		SolutionGuid = {78FBD40C-8FC2-4867-A5BA-3B50D5932BA5}
	EndGlobalSection
EndGlobal
